// !$*UTF8*$!
{
	archiveVersion = 1;
	classes = {
	};
	objectVersion = 56;
	objects = {

/* Begin PBXBuildFile section */
		1F37D3192C47DF20006DB2D0 /* FirebaseAuth in Frameworks */ = {isa = PBXBuildFile; productRef = 1F37D3182C47DF20006DB2D0 /* FirebaseAuth */; };
		1F4396C32C4E5CFC0034C7F5 /* GameScene.swift in Sources */ = {isa = PBXBuildFile; fileRef = 1F4396C12C4E5CFC0034C7F5 /* GameScene.swift */; };
		1F4396C42C4E5CFC0034C7F5 /* GameScene.sks in Resources */ = {isa = PBXBuildFile; fileRef = 1F4396C22C4E5CFC0034C7F5 /* GameScene.sks */; };
		1F46E06F2C492B3D00988C19 /* DiaryViewModel.swift in Sources */ = {isa = PBXBuildFile; fileRef = 1F46E06E2C492B3D00988C19 /* DiaryViewModel.swift */; };
		1F588D342C344AC300879952 /* sadbApp.swift in Sources */ = {isa = PBXBuildFile; fileRef = 1F588D332C344AC300879952 /* sadbApp.swift */; };
		1F588D362C344AC300879952 /* ContentView.swift in Sources */ = {isa = PBXBuildFile; fileRef = 1F588D352C344AC300879952 /* ContentView.swift */; };
		1F588D382C344AC500879952 /* Assets.xcassets in Resources */ = {isa = PBXBuildFile; fileRef = 1F588D372C344AC500879952 /* Assets.xcassets */; };
		1F588D3B2C344AC500879952 /* Preview Assets.xcassets in Resources */ = {isa = PBXBuildFile; fileRef = 1F588D3A2C344AC500879952 /* Preview Assets.xcassets */; };
		1F588D452C344AC500879952 /* sadbTests.swift in Sources */ = {isa = PBXBuildFile; fileRef = 1F588D442C344AC500879952 /* sadbTests.swift */; };
		1F588D4F2C344AC500879952 /* sadbUITests.swift in Sources */ = {isa = PBXBuildFile; fileRef = 1F588D4E2C344AC500879952 /* sadbUITests.swift */; };
		1F588D512C344AC500879952 /* sadbUITestsLaunchTests.swift in Sources */ = {isa = PBXBuildFile; fileRef = 1F588D502C344AC500879952 /* sadbUITestsLaunchTests.swift */; };
		1F95DF202C45556D00C62A39 /* FirebaseAnalytics in Frameworks */ = {isa = PBXBuildFile; productRef = 1F95DF1F2C45556D00C62A39 /* FirebaseAnalytics */; };
		1F95DF222C45556D00C62A39 /* FirebaseAnalyticsSwift in Frameworks */ = {isa = PBXBuildFile; productRef = 1F95DF212C45556D00C62A39 /* FirebaseAnalyticsSwift */; };
		1FA288C82C4EA68000D0E421 /* WishListViewModel.swift in Sources */ = {isa = PBXBuildFile; fileRef = 1FA288C72C4EA68000D0E421 /* WishListViewModel.swift */; };
		1FA288CA2C4EA79600D0E421 /* GoogleService-Info.plist in Resources */ = {isa = PBXBuildFile; fileRef = 1FA288C92C4EA79600D0E421 /* GoogleService-Info.plist */; };
		1FC006A02C45691B00CB34D4 /* AuthModel.swift in Sources */ = {isa = PBXBuildFile; fileRef = 1FC0069E2C45691900CB34D4 /* AuthModel.swift */; };
		1FC739392C3828070049EB44 /* ProgressView.swift in Sources */ = {isa = PBXBuildFile; fileRef = 1FC739382C3828070049EB44 /* ProgressView.swift */; };
		1FC7393B2C38283F0049EB44 /* QuizView.swift in Sources */ = {isa = PBXBuildFile; fileRef = 1FC7393A2C38283F0049EB44 /* QuizView.swift */; };
		1FC7393D2C3828580049EB44 /* WishListView.swift in Sources */ = {isa = PBXBuildFile; fileRef = 1FC7393C2C3828580049EB44 /* WishListView.swift */; };
		1FC7393F2C3828660049EB44 /* MountainView.swift in Sources */ = {isa = PBXBuildFile; fileRef = 1FC7393E2C3828660049EB44 /* MountainView.swift */; };
		1FC739412C3828770049EB44 /* HealthView.swift in Sources */ = {isa = PBXBuildFile; fileRef = 1FC739402C3828770049EB44 /* HealthView.swift */; };
		1FC739432C3828850049EB44 /* GoalsView.swift in Sources */ = {isa = PBXBuildFile; fileRef = 1FC739422C3828850049EB44 /* GoalsView.swift */; };
		1FC739452C3828910049EB44 /* DiaryView.swift in Sources */ = {isa = PBXBuildFile; fileRef = 1FC739442C3828910049EB44 /* DiaryView.swift */; };
		1FC88C4F2C4566EE009FDA60 /* QuizViewModel.swift in Sources */ = {isa = PBXBuildFile; fileRef = 1FC88C4E2C4566EE009FDA60 /* QuizViewModel.swift */; };
		1FC88C512C456719009FDA60 /* FirebaseDatabase in Frameworks */ = {isa = PBXBuildFile; productRef = 1FC88C502C456719009FDA60 /* FirebaseDatabase */; };
		1FC88C532C456719009FDA60 /* FirebaseDatabaseSwift in Frameworks */ = {isa = PBXBuildFile; productRef = 1FC88C522C456719009FDA60 /* FirebaseDatabaseSwift */; };
		1FE89D122C45074900420385 /* BenefitView.swift in Sources */ = {isa = PBXBuildFile; fileRef = 1FE89D112C45074900420385 /* BenefitView.swift */; };
		1FE89D172C456B2A00420385 /* LoginView.swift in Sources */ = {isa = PBXBuildFile; fileRef = 1FE89D162C456B2A00420385 /* LoginView.swift */; };
		1FE89D192C456BCF00420385 /* RegistrationView.swift in Sources */ = {isa = PBXBuildFile; fileRef = 1FE89D182C456BCF00420385 /* RegistrationView.swift */; };
/* End PBXBuildFile section */

/* Begin PBXContainerItemProxy section */
		1F588D412C344AC500879952 /* PBXContainerItemProxy */ = {
			isa = PBXContainerItemProxy;
			containerPortal = 1F588D282C344AC300879952 /* Project object */;
			proxyType = 1;
			remoteGlobalIDString = 1F588D2F2C344AC300879952;
			remoteInfo = sadb;
		};
		1F588D4B2C344AC500879952 /* PBXContainerItemProxy */ = {
			isa = PBXContainerItemProxy;
			containerPortal = 1F588D282C344AC300879952 /* Project object */;
			proxyType = 1;
			remoteGlobalIDString = 1F588D2F2C344AC300879952;
			remoteInfo = sadb;
		};
/* End PBXContainerItemProxy section */

/* Begin PBXFileReference section */
		1F4396C12C4E5CFC0034C7F5 /* GameScene.swift */ = {isa = PBXFileReference; fileEncoding = 4; lastKnownFileType = sourcecode.swift; path = GameScene.swift; sourceTree = "<group>"; };
		1F4396C22C4E5CFC0034C7F5 /* GameScene.sks */ = {isa = PBXFileReference; lastKnownFileType = file.sks; path = GameScene.sks; sourceTree = "<group>"; };
		1F46E06E2C492B3D00988C19 /* DiaryViewModel.swift */ = {isa = PBXFileReference; lastKnownFileType = sourcecode.swift; path = DiaryViewModel.swift; sourceTree = "<group>"; };
		1F588D302C344AC300879952 /* sadb.app */ = {isa = PBXFileReference; explicitFileType = wrapper.application; includeInIndex = 0; path = sadb.app; sourceTree = BUILT_PRODUCTS_DIR; };
		1F588D332C344AC300879952 /* sadbApp.swift */ = {isa = PBXFileReference; lastKnownFileType = sourcecode.swift; path = sadbApp.swift; sourceTree = "<group>"; };
		1F588D352C344AC300879952 /* ContentView.swift */ = {isa = PBXFileReference; lastKnownFileType = sourcecode.swift; path = ContentView.swift; sourceTree = "<group>"; };
		1F588D372C344AC500879952 /* Assets.xcassets */ = {isa = PBXFileReference; lastKnownFileType = folder.assetcatalog; path = Assets.xcassets; sourceTree = "<group>"; };
		1F588D3A2C344AC500879952 /* Preview Assets.xcassets */ = {isa = PBXFileReference; lastKnownFileType = folder.assetcatalog; path = "Preview Assets.xcassets"; sourceTree = "<group>"; };
		1F588D402C344AC500879952 /* sadbTests.xctest */ = {isa = PBXFileReference; explicitFileType = wrapper.cfbundle; includeInIndex = 0; path = sadbTests.xctest; sourceTree = BUILT_PRODUCTS_DIR; };
		1F588D442C344AC500879952 /* sadbTests.swift */ = {isa = PBXFileReference; lastKnownFileType = sourcecode.swift; path = sadbTests.swift; sourceTree = "<group>"; };
		1F588D4A2C344AC500879952 /* sadbUITests.xctest */ = {isa = PBXFileReference; explicitFileType = wrapper.cfbundle; includeInIndex = 0; path = sadbUITests.xctest; sourceTree = BUILT_PRODUCTS_DIR; };
		1F588D4E2C344AC500879952 /* sadbUITests.swift */ = {isa = PBXFileReference; lastKnownFileType = sourcecode.swift; path = sadbUITests.swift; sourceTree = "<group>"; };
		1F588D502C344AC500879952 /* sadbUITestsLaunchTests.swift */ = {isa = PBXFileReference; lastKnownFileType = sourcecode.swift; path = sadbUITestsLaunchTests.swift; sourceTree = "<group>"; };
		1FA288C72C4EA68000D0E421 /* WishListViewModel.swift */ = {isa = PBXFileReference; lastKnownFileType = sourcecode.swift; name = WishListViewModel.swift; path = ../WishListViewModel.swift; sourceTree = "<group>"; };
		1FA288C92C4EA79600D0E421 /* GoogleService-Info.plist */ = {isa = PBXFileReference; fileEncoding = 4; lastKnownFileType = text.plist.xml; name = "GoogleService-Info.plist"; path = "../../../../../Downloads/GoogleService-Info.plist"; sourceTree = "<group>"; };
		1FC0069E2C45691900CB34D4 /* AuthModel.swift */ = {isa = PBXFileReference; lastKnownFileType = sourcecode.swift; path = AuthModel.swift; sourceTree = "<group>"; };
		1FC739382C3828070049EB44 /* ProgressView.swift */ = {isa = PBXFileReference; lastKnownFileType = sourcecode.swift; path = ProgressView.swift; sourceTree = "<group>"; };
		1FC7393A2C38283F0049EB44 /* QuizView.swift */ = {isa = PBXFileReference; lastKnownFileType = sourcecode.swift; path = QuizView.swift; sourceTree = "<group>"; };
		1FC7393C2C3828580049EB44 /* WishListView.swift */ = {isa = PBXFileReference; lastKnownFileType = sourcecode.swift; path = WishListView.swift; sourceTree = "<group>"; };
		1FC7393E2C3828660049EB44 /* MountainView.swift */ = {isa = PBXFileReference; lastKnownFileType = sourcecode.swift; path = MountainView.swift; sourceTree = "<group>"; };
		1FC739402C3828770049EB44 /* HealthView.swift */ = {isa = PBXFileReference; lastKnownFileType = sourcecode.swift; path = HealthView.swift; sourceTree = "<group>"; };
		1FC739422C3828850049EB44 /* GoalsView.swift */ = {isa = PBXFileReference; lastKnownFileType = sourcecode.swift; path = GoalsView.swift; sourceTree = "<group>"; };
		1FC739442C3828910049EB44 /* DiaryView.swift */ = {isa = PBXFileReference; lastKnownFileType = sourcecode.swift; path = DiaryView.swift; sourceTree = "<group>"; };
		1FC88C4E2C4566EE009FDA60 /* QuizViewModel.swift */ = {isa = PBXFileReference; lastKnownFileType = sourcecode.swift; path = QuizViewModel.swift; sourceTree = "<group>"; };
		1FE89D112C45074900420385 /* BenefitView.swift */ = {isa = PBXFileReference; lastKnownFileType = sourcecode.swift; path = BenefitView.swift; sourceTree = "<group>"; };
		1FE89D162C456B2A00420385 /* LoginView.swift */ = {isa = PBXFileReference; lastKnownFileType = sourcecode.swift; path = LoginView.swift; sourceTree = "<group>"; };
		1FE89D182C456BCF00420385 /* RegistrationView.swift */ = {isa = PBXFileReference; lastKnownFileType = sourcecode.swift; path = RegistrationView.swift; sourceTree = "<group>"; };
/* End PBXFileReference section */

/* Begin PBXFrameworksBuildPhase section */
		1F588D2D2C344AC300879952 /* Frameworks */ = {
			isa = PBXFrameworksBuildPhase;
			buildActionMask = 2147483647;
			files = (
				1FC88C532C456719009FDA60 /* FirebaseDatabaseSwift in Frameworks */,
				1F37D3192C47DF20006DB2D0 /* FirebaseAuth in Frameworks */,
				1FC88C512C456719009FDA60 /* FirebaseDatabase in Frameworks */,
				1F95DF222C45556D00C62A39 /* FirebaseAnalyticsSwift in Frameworks */,
				1F95DF202C45556D00C62A39 /* FirebaseAnalytics in Frameworks */,
			);
			runOnlyForDeploymentPostprocessing = 0;
		};
		1F588D3D2C344AC500879952 /* Frameworks */ = {
			isa = PBXFrameworksBuildPhase;
			buildActionMask = 2147483647;
			files = (
			);
			runOnlyForDeploymentPostprocessing = 0;
		};
		1F588D472C344AC500879952 /* Frameworks */ = {
			isa = PBXFrameworksBuildPhase;
			buildActionMask = 2147483647;
			files = (
			);
			runOnlyForDeploymentPostprocessing = 0;
		};
/* End PBXFrameworksBuildPhase section */

/* Begin PBXGroup section */
		1F588D272C344AC300879952 = {
			isa = PBXGroup;
			children = (
				1F588D322C344AC300879952 /* sadb */,
				1F588D432C344AC500879952 /* sadbTests */,
				1F588D4D2C344AC500879952 /* sadbUITests */,
				1F588D312C344AC300879952 /* Products */,
			);
			sourceTree = "<group>";
		};
		1F588D312C344AC300879952 /* Products */ = {
			isa = PBXGroup;
			children = (
				1F588D302C344AC300879952 /* sadb.app */,
				1F588D402C344AC500879952 /* sadbTests.xctest */,
				1F588D4A2C344AC500879952 /* sadbUITests.xctest */,
			);
			name = Products;
			sourceTree = "<group>";
		};
		1F588D322C344AC300879952 /* sadb */ = {
			isa = PBXGroup;
			children = (
				1F4396C22C4E5CFC0034C7F5 /* GameScene.sks */,
				1F4396C12C4E5CFC0034C7F5 /* GameScene.swift */,
				1F588D332C344AC300879952 /* sadbApp.swift */,
				1F588D352C344AC300879952 /* ContentView.swift */,
				1F588D372C344AC500879952 /* Assets.xcassets */,
				1F588D392C344AC500879952 /* Preview Content */,
				1FC739442C3828910049EB44 /* DiaryView.swift */,
				1FE89D182C456BCF00420385 /* RegistrationView.swift */,
				1FE89D162C456B2A00420385 /* LoginView.swift */,
				1FC739422C3828850049EB44 /* GoalsView.swift */,
				1FC739402C3828770049EB44 /* HealthView.swift */,
				1FE89D112C45074900420385 /* BenefitView.swift */,
				1FC7393E2C3828660049EB44 /* MountainView.swift */,
				1FC739382C3828070049EB44 /* ProgressView.swift */,
				1FC7393A2C38283F0049EB44 /* QuizView.swift */,
				1FC7393C2C3828580049EB44 /* WishListView.swift */,
				1FC0069D2C4568CD00CB34D4 /* Database */,
			);
			path = sadb;
			sourceTree = "<group>";
		};
		1F588D392C344AC500879952 /* Preview Content */ = {
			isa = PBXGroup;
			children = (
				1FA288C92C4EA79600D0E421 /* GoogleService-Info.plist */,
				1F588D3A2C344AC500879952 /* Preview Assets.xcassets */,
			);
			path = "Preview Content";
			sourceTree = "<group>";
		};
		1F588D432C344AC500879952 /* sadbTests */ = {
			isa = PBXGroup;
			children = (
				1F588D442C344AC500879952 /* sadbTests.swift */,
			);
			path = sadbTests;
			sourceTree = "<group>";
		};
		1F588D4D2C344AC500879952 /* sadbUITests */ = {
			isa = PBXGroup;
			children = (
				1F588D4E2C344AC500879952 /* sadbUITests.swift */,
				1F588D502C344AC500879952 /* sadbUITestsLaunchTests.swift */,
			);
			path = sadbUITests;
			sourceTree = "<group>";
		};
		1FC0069D2C4568CD00CB34D4 /* Database */ = {
			isa = PBXGroup;
			children = (
				1FA288C72C4EA68000D0E421 /* WishListViewModel.swift */,
				1FC88C4E2C4566EE009FDA60 /* QuizViewModel.swift */,
				1FC0069E2C45691900CB34D4 /* AuthModel.swift */,
				1F46E06E2C492B3D00988C19 /* DiaryViewModel.swift */,
			);
			path = Database;
			sourceTree = "<group>";
		};
/* End PBXGroup section */

/* Begin PBXNativeTarget section */
		1F588D2F2C344AC300879952 /* sadb */ = {
			isa = PBXNativeTarget;
			buildConfigurationList = 1F588D542C344AC500879952 /* Build configuration list for PBXNativeTarget "sadb" */;
			buildPhases = (
				1F588D2C2C344AC300879952 /* Sources */,
				1F588D2D2C344AC300879952 /* Frameworks */,
				1F588D2E2C344AC300879952 /* Resources */,
			);
			buildRules = (
			);
			dependencies = (
			);
			name = sadb;
			packageProductDependencies = (
				1F95DF1F2C45556D00C62A39 /* FirebaseAnalytics */,
				1F95DF212C45556D00C62A39 /* FirebaseAnalyticsSwift */,
				1FC88C502C456719009FDA60 /* FirebaseDatabase */,
				1FC88C522C456719009FDA60 /* FirebaseDatabaseSwift */,
				1F37D3182C47DF20006DB2D0 /* FirebaseAuth */,
			);
			productName = sadb;
			productReference = 1F588D302C344AC300879952 /* sadb.app */;
			productType = "com.apple.product-type.application";
		};
		1F588D3F2C344AC500879952 /* sadbTests */ = {
			isa = PBXNativeTarget;
			buildConfigurationList = 1F588D572C344AC500879952 /* Build configuration list for PBXNativeTarget "sadbTests" */;
			buildPhases = (
				1F588D3C2C344AC500879952 /* Sources */,
				1F588D3D2C344AC500879952 /* Frameworks */,
				1F588D3E2C344AC500879952 /* Resources */,
			);
			buildRules = (
			);
			dependencies = (
				1F588D422C344AC500879952 /* PBXTargetDependency */,
			);
			name = sadbTests;
			productName = sadbTests;
			productReference = 1F588D402C344AC500879952 /* sadbTests.xctest */;
			productType = "com.apple.product-type.bundle.unit-test";
		};
		1F588D492C344AC500879952 /* sadbUITests */ = {
			isa = PBXNativeTarget;
			buildConfigurationList = 1F588D5A2C344AC500879952 /* Build configuration list for PBXNativeTarget "sadbUITests" */;
			buildPhases = (
				1F588D462C344AC500879952 /* Sources */,
				1F588D472C344AC500879952 /* Frameworks */,
				1F588D482C344AC500879952 /* Resources */,
			);
			buildRules = (
			);
			dependencies = (
				1F588D4C2C344AC500879952 /* PBXTargetDependency */,
			);
			name = sadbUITests;
			productName = sadbUITests;
			productReference = 1F588D4A2C344AC500879952 /* sadbUITests.xctest */;
			productType = "com.apple.product-type.bundle.ui-testing";
		};
/* End PBXNativeTarget section */

/* Begin PBXProject section */
		1F588D282C344AC300879952 /* Project object */ = {
			isa = PBXProject;
			attributes = {
				BuildIndependentTargetsInParallel = 1;
				LastSwiftUpdateCheck = 1540;
				LastUpgradeCheck = 1540;
				TargetAttributes = {
					1F588D2F2C344AC300879952 = {
						CreatedOnToolsVersion = 15.4;
					};
					1F588D3F2C344AC500879952 = {
						CreatedOnToolsVersion = 15.4;
						TestTargetID = 1F588D2F2C344AC300879952;
					};
					1F588D492C344AC500879952 = {
						CreatedOnToolsVersion = 15.4;
						TestTargetID = 1F588D2F2C344AC300879952;
					};
				};
			};
			buildConfigurationList = 1F588D2B2C344AC300879952 /* Build configuration list for PBXProject "sadb" */;
			compatibilityVersion = "Xcode 14.0";
			developmentRegion = en;
			hasScannedForEncodings = 0;
			knownRegions = (
				en,
				Base,
			);
			mainGroup = 1F588D272C344AC300879952;
			packageReferences = (
				1F95DF1E2C4553C400C62A39 /* XCRemoteSwiftPackageReference "firebase-ios-sdk" */,
			);
			productRefGroup = 1F588D312C344AC300879952 /* Products */;
			projectDirPath = "";
			projectRoot = "";
			targets = (
				1F588D2F2C344AC300879952 /* sadb */,
				1F588D3F2C344AC500879952 /* sadbTests */,
				1F588D492C344AC500879952 /* sadbUITests */,
			);
		};
/* End PBXProject section */

/* Begin PBXResourcesBuildPhase section */
		1F588D2E2C344AC300879952 /* Resources */ = {
			isa = PBXResourcesBuildPhase;
			buildActionMask = 2147483647;
			files = (
				1F4396C42C4E5CFC0034C7F5 /* GameScene.sks in Resources */,
				1FA288CA2C4EA79600D0E421 /* GoogleService-Info.plist in Resources */,
				1F588D3B2C344AC500879952 /* Preview Assets.xcassets in Resources */,
				1F588D382C344AC500879952 /* Assets.xcassets in Resources */,
			);
			runOnlyForDeploymentPostprocessing = 0;
		};
		1F588D3E2C344AC500879952 /* Resources */ = {
			isa = PBXResourcesBuildPhase;
			buildActionMask = 2147483647;
			files = (
			);
			runOnlyForDeploymentPostprocessing = 0;
		};
		1F588D482C344AC500879952 /* Resources */ = {
			isa = PBXResourcesBuildPhase;
			buildActionMask = 2147483647;
			files = (
			);
			runOnlyForDeploymentPostprocessing = 0;
		};
/* End PBXResourcesBuildPhase section */

/* Begin PBXSourcesBuildPhase section */
		1F588D2C2C344AC300879952 /* Sources */ = {
			isa = PBXSourcesBuildPhase;
			buildActionMask = 2147483647;
			files = (
				1FC7393D2C3828580049EB44 /* WishListView.swift in Sources */,
				1F588D362C344AC300879952 /* ContentView.swift in Sources */,
				1F4396C32C4E5CFC0034C7F5 /* GameScene.swift in Sources */,
				1FC7393F2C3828660049EB44 /* MountainView.swift in Sources */,
				1F46E06F2C492B3D00988C19 /* DiaryViewModel.swift in Sources */,
				1FE89D192C456BCF00420385 /* RegistrationView.swift in Sources */,
				1FC739432C3828850049EB44 /* GoalsView.swift in Sources */,
				1FE89D122C45074900420385 /* BenefitView.swift in Sources */,
				1FC006A02C45691B00CB34D4 /* AuthModel.swift in Sources */,
				1FC7393B2C38283F0049EB44 /* QuizView.swift in Sources */,
				1FC88C4F2C4566EE009FDA60 /* QuizViewModel.swift in Sources */,
				1F588D342C344AC300879952 /* sadbApp.swift in Sources */,
				1FC739392C3828070049EB44 /* ProgressView.swift in Sources */,
				1FE89D172C456B2A00420385 /* LoginView.swift in Sources */,
				1FA288C82C4EA68000D0E421 /* WishListViewModel.swift in Sources */,
				1FC739412C3828770049EB44 /* HealthView.swift in Sources */,
				1FC739452C3828910049EB44 /* DiaryView.swift in Sources */,
			);
			runOnlyForDeploymentPostprocessing = 0;
		};
		1F588D3C2C344AC500879952 /* Sources */ = {
			isa = PBXSourcesBuildPhase;
			buildActionMask = 2147483647;
			files = (
				1F588D452C344AC500879952 /* sadbTests.swift in Sources */,
			);
			runOnlyForDeploymentPostprocessing = 0;
		};
		1F588D462C344AC500879952 /* Sources */ = {
			isa = PBXSourcesBuildPhase;
			buildActionMask = 2147483647;
			files = (
				1F588D512C344AC500879952 /* sadbUITestsLaunchTests.swift in Sources */,
				1F588D4F2C344AC500879952 /* sadbUITests.swift in Sources */,
			);
			runOnlyForDeploymentPostprocessing = 0;
		};
/* End PBXSourcesBuildPhase section */

/* Begin PBXTargetDependency section */
		1F588D422C344AC500879952 /* PBXTargetDependency */ = {
			isa = PBXTargetDependency;
			target = 1F588D2F2C344AC300879952 /* sadb */;
			targetProxy = 1F588D412C344AC500879952 /* PBXContainerItemProxy */;
		};
		1F588D4C2C344AC500879952 /* PBXTargetDependency */ = {
			isa = PBXTargetDependency;
			target = 1F588D2F2C344AC300879952 /* sadb */;
			targetProxy = 1F588D4B2C344AC500879952 /* PBXContainerItemProxy */;
		};
/* End PBXTargetDependency section */

/* Begin XCBuildConfiguration section */
		1F588D522C344AC500879952 /* Debug */ = {
			isa = XCBuildConfiguration;
			buildSettings = {
				ALWAYS_SEARCH_USER_PATHS = NO;
				ASSETCATALOG_COMPILER_GENERATE_SWIFT_ASSET_SYMBOL_EXTENSIONS = YES;
				CLANG_ANALYZER_NONNULL = YES;
				CLANG_ANALYZER_NUMBER_OBJECT_CONVERSION = YES_AGGRESSIVE;
				CLANG_CXX_LANGUAGE_STANDARD = "gnu++20";
				CLANG_ENABLE_MODULES = YES;
				CLANG_ENABLE_OBJC_ARC = YES;
				CLANG_ENABLE_OBJC_WEAK = YES;
				CLANG_WARN_BLOCK_CAPTURE_AUTORELEASING = YES;
				CLANG_WARN_BOOL_CONVERSION = YES;
				CLANG_WARN_COMMA = YES;
				CLANG_WARN_CONSTANT_CONVERSION = YES;
				CLANG_WARN_DEPRECATED_OBJC_IMPLEMENTATIONS = YES;
				CLANG_WARN_DIRECT_OBJC_ISA_USAGE = YES_ERROR;
				CLANG_WARN_DOCUMENTATION_COMMENTS = YES;
				CLANG_WARN_EMPTY_BODY = YES;
				CLANG_WARN_ENUM_CONVERSION = YES;
				CLANG_WARN_INFINITE_RECURSION = YES;
				CLANG_WARN_INT_CONVERSION = YES;
				CLANG_WARN_NON_LITERAL_NULL_CONVERSION = YES;
				CLANG_WARN_OBJC_IMPLICIT_RETAIN_SELF = YES;
				CLANG_WARN_OBJC_LITERAL_CONVERSION = YES;
				CLANG_WARN_OBJC_ROOT_CLASS = YES_ERROR;
				CLANG_WARN_QUOTED_INCLUDE_IN_FRAMEWORK_HEADER = YES;
				CLANG_WARN_RANGE_LOOP_ANALYSIS = YES;
				CLANG_WARN_STRICT_PROTOTYPES = YES;
				CLANG_WARN_SUSPICIOUS_MOVE = YES;
				CLANG_WARN_UNGUARDED_AVAILABILITY = YES_AGGRESSIVE;
				CLANG_WARN_UNREACHABLE_CODE = YES;
				CLANG_WARN__DUPLICATE_METHOD_MATCH = YES;
				COPY_PHASE_STRIP = NO;
				DEBUG_INFORMATION_FORMAT = dwarf;
				ENABLE_STRICT_OBJC_MSGSEND = YES;
				ENABLE_TESTABILITY = YES;
				ENABLE_USER_SCRIPT_SANDBOXING = YES;
				GCC_C_LANGUAGE_STANDARD = gnu17;
				GCC_DYNAMIC_NO_PIC = NO;
				GCC_NO_COMMON_BLOCKS = YES;
				GCC_OPTIMIZATION_LEVEL = 0;
				GCC_PREPROCESSOR_DEFINITIONS = (
					"DEBUG=1",
					"$(inherited)",
				);
				GCC_WARN_64_TO_32_BIT_CONVERSION = YES;
				GCC_WARN_ABOUT_RETURN_TYPE = YES_ERROR;
				GCC_WARN_UNDECLARED_SELECTOR = YES;
				GCC_WARN_UNINITIALIZED_AUTOS = YES_AGGRESSIVE;
				GCC_WARN_UNUSED_FUNCTION = YES;
				GCC_WARN_UNUSED_VARIABLE = YES;
				IPHONEOS_DEPLOYMENT_TARGET = 17.5;
				LOCALIZATION_PREFERS_STRING_CATALOGS = YES;
				MTL_ENABLE_DEBUG_INFO = INCLUDE_SOURCE;
				MTL_FAST_MATH = YES;
				ONLY_ACTIVE_ARCH = YES;
				SDKROOT = iphoneos;
				SWIFT_ACTIVE_COMPILATION_CONDITIONS = "DEBUG $(inherited)";
				SWIFT_OPTIMIZATION_LEVEL = "-Onone";
			};
			name = Debug;
		};
		1F588D532C344AC500879952 /* Release */ = {
			isa = XCBuildConfiguration;
			buildSettings = {
				ALWAYS_SEARCH_USER_PATHS = NO;
				ASSETCATALOG_COMPILER_GENERATE_SWIFT_ASSET_SYMBOL_EXTENSIONS = YES;
				CLANG_ANALYZER_NONNULL = YES;
				CLANG_ANALYZER_NUMBER_OBJECT_CONVERSION = YES_AGGRESSIVE;
				CLANG_CXX_LANGUAGE_STANDARD = "gnu++20";
				CLANG_ENABLE_MODULES = YES;
				CLANG_ENABLE_OBJC_ARC = YES;
				CLANG_ENABLE_OBJC_WEAK = YES;
				CLANG_WARN_BLOCK_CAPTURE_AUTORELEASING = YES;
				CLANG_WARN_BOOL_CONVERSION = YES;
				CLANG_WARN_COMMA = YES;
				CLANG_WARN_CONSTANT_CONVERSION = YES;
				CLANG_WARN_DEPRECATED_OBJC_IMPLEMENTATIONS = YES;
				CLANG_WARN_DIRECT_OBJC_ISA_USAGE = YES_ERROR;
				CLANG_WARN_DOCUMENTATION_COMMENTS = YES;
				CLANG_WARN_EMPTY_BODY = YES;
				CLANG_WARN_ENUM_CONVERSION = YES;
				CLANG_WARN_INFINITE_RECURSION = YES;
				CLANG_WARN_INT_CONVERSION = YES;
				CLANG_WARN_NON_LITERAL_NULL_CONVERSION = YES;
				CLANG_WARN_OBJC_IMPLICIT_RETAIN_SELF = YES;
				CLANG_WARN_OBJC_LITERAL_CONVERSION = YES;
				CLANG_WARN_OBJC_ROOT_CLASS = YES_ERROR;
				CLANG_WARN_QUOTED_INCLUDE_IN_FRAMEWORK_HEADER = YES;
				CLANG_WARN_RANGE_LOOP_ANALYSIS = YES;
				CLANG_WARN_STRICT_PROTOTYPES = YES;
				CLANG_WARN_SUSPICIOUS_MOVE = YES;
				CLANG_WARN_UNGUARDED_AVAILABILITY = YES_AGGRESSIVE;
				CLANG_WARN_UNREACHABLE_CODE = YES;
				CLANG_WARN__DUPLICATE_METHOD_MATCH = YES;
				COPY_PHASE_STRIP = NO;
				DEBUG_INFORMATION_FORMAT = "dwarf-with-dsym";
				ENABLE_NS_ASSERTIONS = NO;
				ENABLE_STRICT_OBJC_MSGSEND = YES;
				ENABLE_USER_SCRIPT_SANDBOXING = YES;
				GCC_C_LANGUAGE_STANDARD = gnu17;
				GCC_NO_COMMON_BLOCKS = YES;
				GCC_WARN_64_TO_32_BIT_CONVERSION = YES;
				GCC_WARN_ABOUT_RETURN_TYPE = YES_ERROR;
				GCC_WARN_UNDECLARED_SELECTOR = YES;
				GCC_WARN_UNINITIALIZED_AUTOS = YES_AGGRESSIVE;
				GCC_WARN_UNUSED_FUNCTION = YES;
				GCC_WARN_UNUSED_VARIABLE = YES;
				IPHONEOS_DEPLOYMENT_TARGET = 17.5;
				LOCALIZATION_PREFERS_STRING_CATALOGS = YES;
				MTL_ENABLE_DEBUG_INFO = NO;
				MTL_FAST_MATH = YES;
				SDKROOT = iphoneos;
				SWIFT_COMPILATION_MODE = wholemodule;
				VALIDATE_PRODUCT = YES;
			};
			name = Release;
		};
		1F588D552C344AC500879952 /* Debug */ = {
			isa = XCBuildConfiguration;
			buildSettings = {
				ASSETCATALOG_COMPILER_APPICON_NAME = AppIcon;
				ASSETCATALOG_COMPILER_GLOBAL_ACCENT_COLOR_NAME = AccentColor;
				CODE_SIGN_STYLE = Automatic;
				CURRENT_PROJECT_VERSION = 1;
				DEVELOPMENT_ASSET_PATHS = "\"sadb/Preview Content\"";
				DEVELOPMENT_TEAM = 6N4WS5F2X2;
				ENABLE_PREVIEWS = YES;
				GENERATE_INFOPLIST_FILE = YES;
				INFOPLIST_KEY_UIApplicationSceneManifest_Generation = YES;
				INFOPLIST_KEY_UIApplicationSupportsIndirectInputEvents = YES;
				INFOPLIST_KEY_UILaunchScreen_Generation = YES;
				INFOPLIST_KEY_UISupportedInterfaceOrientations_iPad = "UIInterfaceOrientationPortrait UIInterfaceOrientationPortraitUpsideDown UIInterfaceOrientationLandscapeLeft UIInterfaceOrientationLandscapeRight";
				INFOPLIST_KEY_UISupportedInterfaceOrientations_iPhone = "UIInterfaceOrientationPortrait UIInterfaceOrientationLandscapeLeft UIInterfaceOrientationLandscapeRight";
				LD_RUNPATH_SEARCH_PATHS = (
					"$(inherited)",
					"@executable_path/Frameworks",
				);
				MARKETING_VERSION = 1.0;
				PRODUCT_BUNDLE_IDENTIFIER = gruppoA3.sadb;
				PRODUCT_NAME = "$(TARGET_NAME)";
				SWIFT_EMIT_LOC_STRINGS = YES;
				SWIFT_VERSION = 5.0;
				TARGETED_DEVICE_FAMILY = "1,2";
			};
			name = Debug;
		};
		1F588D562C344AC500879952 /* Release */ = {
			isa = XCBuildConfiguration;
			buildSettings = {
				ASSETCATALOG_COMPILER_APPICON_NAME = AppIcon;
				ASSETCATALOG_COMPILER_GLOBAL_ACCENT_COLOR_NAME = AccentColor;
				CODE_SIGN_STYLE = Automatic;
				CURRENT_PROJECT_VERSION = 1;
				DEVELOPMENT_ASSET_PATHS = "\"sadb/Preview Content\"";
				DEVELOPMENT_TEAM = 6N4WS5F2X2;
				ENABLE_PREVIEWS = YES;
				GENERATE_INFOPLIST_FILE = YES;
				INFOPLIST_KEY_UIApplicationSceneManifest_Generation = YES;
				INFOPLIST_KEY_UIApplicationSupportsIndirectInputEvents = YES;
				INFOPLIST_KEY_UILaunchScreen_Generation = YES;
				INFOPLIST_KEY_UISupportedInterfaceOrientations_iPad = "UIInterfaceOrientationPortrait UIInterfaceOrientationPortraitUpsideDown UIInterfaceOrientationLandscapeLeft UIInterfaceOrientationLandscapeRight";
				INFOPLIST_KEY_UISupportedInterfaceOrientations_iPhone = "UIInterfaceOrientationPortrait UIInterfaceOrientationLandscapeLeft UIInterfaceOrientationLandscapeRight";
				LD_RUNPATH_SEARCH_PATHS = (
					"$(inherited)",
					"@executable_path/Frameworks",
				);
				MARKETING_VERSION = 1.0;
				PRODUCT_BUNDLE_IDENTIFIER = gruppoA3.sadb;
				PRODUCT_NAME = "$(TARGET_NAME)";
				SWIFT_EMIT_LOC_STRINGS = YES;
				SWIFT_VERSION = 5.0;
				TARGETED_DEVICE_FAMILY = "1,2";
			};
			name = Release;
		};
		1F588D582C344AC500879952 /* Debug */ = {
			isa = XCBuildConfiguration;
			buildSettings = {
				ALWAYS_EMBED_SWIFT_STANDARD_LIBRARIES = YES;
				BUNDLE_LOADER = "$(TEST_HOST)";
				CODE_SIGN_STYLE = Automatic;
				CURRENT_PROJECT_VERSION = 1;
				GENERATE_INFOPLIST_FILE = YES;
				IPHONEOS_DEPLOYMENT_TARGET = 17.5;
				MARKETING_VERSION = 1.0;
				PRODUCT_BUNDLE_IDENTIFIER = gruppoA3.sadbTests;
				PRODUCT_NAME = "$(TARGET_NAME)";
				SWIFT_EMIT_LOC_STRINGS = NO;
				SWIFT_VERSION = 5.0;
				TARGETED_DEVICE_FAMILY = "1,2";
				TEST_HOST = "$(BUILT_PRODUCTS_DIR)/sadb.app/$(BUNDLE_EXECUTABLE_FOLDER_PATH)/sadb";
			};
			name = Debug;
		};
		1F588D592C344AC500879952 /* Release */ = {
			isa = XCBuildConfiguration;
			buildSettings = {
				ALWAYS_EMBED_SWIFT_STANDARD_LIBRARIES = YES;
				BUNDLE_LOADER = "$(TEST_HOST)";
				CODE_SIGN_STYLE = Automatic;
				CURRENT_PROJECT_VERSION = 1;
				GENERATE_INFOPLIST_FILE = YES;
				IPHONEOS_DEPLOYMENT_TARGET = 17.5;
				MARKETING_VERSION = 1.0;
				PRODUCT_BUNDLE_IDENTIFIER = gruppoA3.sadbTests;
				PRODUCT_NAME = "$(TARGET_NAME)";
				SWIFT_EMIT_LOC_STRINGS = NO;
				SWIFT_VERSION = 5.0;
				TARGETED_DEVICE_FAMILY = "1,2";
				TEST_HOST = "$(BUILT_PRODUCTS_DIR)/sadb.app/$(BUNDLE_EXECUTABLE_FOLDER_PATH)/sadb";
			};
			name = Release;
		};
		1F588D5B2C344AC500879952 /* Debug */ = {
			isa = XCBuildConfiguration;
			buildSettings = {
				ALWAYS_EMBED_SWIFT_STANDARD_LIBRARIES = YES;
				CODE_SIGN_STYLE = Automatic;
				CURRENT_PROJECT_VERSION = 1;
				GENERATE_INFOPLIST_FILE = YES;
				MARKETING_VERSION = 1.0;
				PRODUCT_BUNDLE_IDENTIFIER = gruppoA3.sadbUITests;
				PRODUCT_NAME = "$(TARGET_NAME)";
				SWIFT_EMIT_LOC_STRINGS = NO;
				SWIFT_VERSION = 5.0;
				TARGETED_DEVICE_FAMILY = "1,2";
				TEST_TARGET_NAME = sadb;
			};
			name = Debug;
		};
		1F588D5C2C344AC500879952 /* Release */ = {
			isa = XCBuildConfiguration;
			buildSettings = {
				ALWAYS_EMBED_SWIFT_STANDARD_LIBRARIES = YES;
				CODE_SIGN_STYLE = Automatic;
				CURRENT_PROJECT_VERSION = 1;
				GENERATE_INFOPLIST_FILE = YES;
				MARKETING_VERSION = 1.0;
				PRODUCT_BUNDLE_IDENTIFIER = gruppoA3.sadbUITests;
				PRODUCT_NAME = "$(TARGET_NAME)";
				SWIFT_EMIT_LOC_STRINGS = NO;
				SWIFT_VERSION = 5.0;
				TARGETED_DEVICE_FAMILY = "1,2";
				TEST_TARGET_NAME = sadb;
			};
			name = Release;
		};
/* End XCBuildConfiguration section */

/* Begin XCConfigurationList section */
		1F588D2B2C344AC300879952 /* Build configuration list for PBXProject "sadb" */ = {
			isa = XCConfigurationList;
			buildConfigurations = (
				1F588D522C344AC500879952 /* Debug */,
				1F588D532C344AC500879952 /* Release */,
			);
			defaultConfigurationIsVisible = 0;
			defaultConfigurationName = Release;
		};
		1F588D542C344AC500879952 /* Build configuration list for PBXNativeTarget "sadb" */ = {
			isa = XCConfigurationList;
			buildConfigurations = (
				1F588D552C344AC500879952 /* Debug */,
				1F588D562C344AC500879952 /* Release */,
			);
			defaultConfigurationIsVisible = 0;
			defaultConfigurationName = Release;
		};
		1F588D572C344AC500879952 /* Build configuration list for PBXNativeTarget "sadbTests" */ = {
			isa = XCConfigurationList;
			buildConfigurations = (
				1F588D582C344AC500879952 /* Debug */,
				1F588D592C344AC500879952 /* Release */,
			);
			defaultConfigurationIsVisible = 0;
			defaultConfigurationName = Release;
		};
		1F588D5A2C344AC500879952 /* Build configuration list for PBXNativeTarget "sadbUITests" */ = {
			isa = XCConfigurationList;
			buildConfigurations = (
				1F588D5B2C344AC500879952 /* Debug */,
				1F588D5C2C344AC500879952 /* Release */,
			);
			defaultConfigurationIsVisible = 0;
			defaultConfigurationName = Release;
		};
/* End XCConfigurationList section */

/* Begin XCRemoteSwiftPackageReference section */
		1F95DF1E2C4553C400C62A39 /* XCRemoteSwiftPackageReference "firebase-ios-sdk" */ = {
			isa = XCRemoteSwiftPackageReference;
			repositoryURL = "https://github.com/firebase/firebase-ios-sdk.git";
			requirement = {
				kind = upToNextMajorVersion;
				minimumVersion = 10.29.0;
			};
		};
/* End XCRemoteSwiftPackageReference section */

/* Begin XCSwiftPackageProductDependency section */
		1F37D3182C47DF20006DB2D0 /* FirebaseAuth */ = {
			isa = XCSwiftPackageProductDependency;
			package = 1F95DF1E2C4553C400C62A39 /* XCRemoteSwiftPackageReference "firebase-ios-sdk" */;
			productName = FirebaseAuth;
		};
		1F95DF1F2C45556D00C62A39 /* FirebaseAnalytics */ = {
			isa = XCSwiftPackageProductDependency;
			package = 1F95DF1E2C4553C400C62A39 /* XCRemoteSwiftPackageReference "firebase-ios-sdk" */;
			productName = FirebaseAnalytics;
		};
		1F95DF212C45556D00C62A39 /* FirebaseAnalyticsSwift */ = {
			isa = XCSwiftPackageProductDependency;
			package = 1F95DF1E2C4553C400C62A39 /* XCRemoteSwiftPackageReference "firebase-ios-sdk" */;
			productName = FirebaseAnalyticsSwift;
		};
		1FC88C502C456719009FDA60 /* FirebaseDatabase */ = {
			isa = XCSwiftPackageProductDependency;
			package = 1F95DF1E2C4553C400C62A39 /* XCRemoteSwiftPackageReference "firebase-ios-sdk" */;
			productName = FirebaseDatabase;
		};
		1FC88C522C456719009FDA60 /* FirebaseDatabaseSwift */ = {
			isa = XCSwiftPackageProductDependency;
			package = 1F95DF1E2C4553C400C62A39 /* XCRemoteSwiftPackageReference "firebase-ios-sdk" */;
			productName = FirebaseDatabaseSwift;
		};
/* End XCSwiftPackageProductDependency section */
	};
	rootObject = 1F588D282C344AC300879952 /* Project object */;
}
